
Microsoft Visual Studio Solution File, Format Version 12.00
# Visual Studio Version 16
VisualStudioVersion = 16.0.30503.244
MinimumVisualStudioVersion = 10.0.40219.1
Project("{9A19103F-16F7-4668-BE54-9A1E7A4F7556}") = "HoneywellPOC", "HoneywellPOC\HoneywellPOC.csproj", "{8E16324B-1930-4DEA-9FE7-B5B5E1FC32AD}"
EndProject
Project("{FAE04EC0-301F-11D3-BF4B-00C04F79EFBC}") = "HoneywellPOCTestCases", "HoneywellPOCTestCases\HoneywellPOCTestCases.csproj", "{5EB257BF-9E50-4C2B-946F-FF523C8120DD}"
EndProject
Global
	GlobalSection(SolutionConfigurationPlatforms) = preSolution
		Debug|Any CPU = Debug|Any CPU
		Release|Any CPU = Release|Any CPU
	EndGlobalSection
	GlobalSection(ProjectConfigurationPlatforms) = postSolution
		{8E16324B-1930-4DEA-9FE7-B5B5E1FC32AD}.Debug|Any CPU.ActiveCfg = Debug|Any CPU
		{8E16324B-1930-4DEA-9FE7-B5B5E1FC32AD}.Debug|Any CPU.Build.0 = Debug|Any CPU
		{8E16324B-1930-4DEA-9FE7-B5B5E1FC32AD}.Release|Any CPU.ActiveCfg = Release|Any CPU
		{8E16324B-1930-4DEA-9FE7-B5B5E1FC32AD}.Release|Any CPU.Build.0 = Release|Any CPU
		{5EB257BF-9E50-4C2B-946F-FF523C8120DD}.Debug|Any CPU.ActiveCfg = Debug|Any CPU
		{5EB257BF-9E50-4C2B-946F-FF523C8120DD}.Debug|Any CPU.Build.0 = Debug|Any CPU
		{5EB257BF-9E50-4C2B-946F-FF523C8120DD}.Release|Any CPU.ActiveCfg = Release|Any CPU
		{5EB257BF-9E50-4C2B-946F-FF523C8120DD}.Release|Any CPU.Build.0 = Release|Any CPU
	EndGlobalSection
	GlobalSection(SolutionProperties) = preSolution
		HideSolutionNode = FALSE
	EndGlobalSection
	GlobalSection(ExtensibilityGlobals) = postSolution
		SolutionGuid = {88E00BB4-66A4-4DD4-AE97-06CF959CFC6E}
	EndGlobalSection
EndGlobal
